{
    "version": 3,
    "terraform_version": "0.8.2",
    "serial": 9,
    "lineage": "4d4e55c7-22a5-44e6-b978-97568496b130",
    "modules": [
        {
            "path": [
                "root"
            ],
            "outputs": {},
            "resources": {
                "aws_instance.gs-spring": {
                    "type": "aws_instance",
                    "depends_on": [
                        "aws_security_group.default",
                        "aws_subnet.default"
                    ],
                    "primary": {
                        "id": "i-0eb51ae7b38ec4c25",
                        "attributes": {
                            "ami": "ami-e9cc0f86",
                            "associate_public_ip_address": "true",
                            "availability_zone": "eu-central-1b",
                            "disable_api_termination": "false",
                            "ebs_block_device.#": "0",
                            "ebs_optimized": "false",
                            "ephemeral_block_device.#": "0",
                            "iam_instance_profile": "",
                            "id": "i-0eb51ae7b38ec4c25",
                            "instance_state": "running",
                            "instance_type": "t2.micro",
                            "key_name": "gs-devops",
                            "monitoring": "false",
                            "network_interface_id": "eni-b8ceb2c7",
                            "private_dns": "ip-172-31-99-240.eu-central-1.compute.internal",
                            "private_ip": "172.31.99.240",
                            "public_dns": "ec2-35-156-23-76.eu-central-1.compute.amazonaws.com",
                            "public_ip": "35.156.23.76",
                            "root_block_device.#": "1",
                            "root_block_device.0.delete_on_termination": "true",
                            "root_block_device.0.iops": "100",
                            "root_block_device.0.volume_size": "8",
                            "root_block_device.0.volume_type": "gp2",
                            "security_groups.#": "0",
                            "source_dest_check": "true",
                            "subnet_id": "subnet-8074a9fa",
                            "tags.%": "3",
                            "tags.Name": "gs-spring",
                            "tags.Owner": "dpodyachiy@xebia.fr",
                            "tags.Project": "gs-spring",
                            "tenancy": "default",
                            "vpc_security_group_ids.#": "1",
                            "vpc_security_group_ids.1977455611": "sg-94dae4fc"
                        },
                        "meta": {
                            "schema_version": "1"
                        },
                        "tainted": false
                    },
                    "deposed": [],
                    "provider": ""
                },
                "aws_key_pair.default": {
                    "type": "aws_key_pair",
                    "depends_on": [],
                    "primary": {
                        "id": "gs-devops",
                        "attributes": {
                            "fingerprint": "67:96:b7:01:7a:65:63:31:0a:24:fa:e5:61:2c:72:b3",
                            "id": "gs-devops",
                            "key_name": "gs-devops",
                            "public_key": "ssh-rsa AAAAB3NzaC1yc2EAAAADAQABAAABAQDDiZZNYtdQV5UAlfg5lCES/SzBHWUkDiM+v+4HAV7sN4B1fZO7lBYqFalZ+/b/PWeff5ePe6FDrfZVVaQFP4+1WwMRTDbP5EesCcJx513sluU+GTEH8NqaJVUlAA9HfA7gvMKajpGoV3nNP5AStrf4TI3vLjIkX1YWBxz6A5oEtjMOAOstHwnpmPzf8V1c6trPAq0vxbSbfXcBs6XU+LCVITksQmX3lZJm0mu9bWa0VNRrb/cadFBukKUVFxVfYy+wX8FdTNdKjLwNplOru0oNN1v42x8hY0N71Coe/vmmMVAjYA0m77ppev1r8jkXKtZPpTj93FrfIWq8qlro331t dimapod@Dmytros-MBP"
                        },
                        "meta": {
                            "schema_version": "1"
                        },
                        "tainted": false
                    },
                    "deposed": [],
                    "provider": ""
                },
                "aws_security_group.default": {
                    "type": "aws_security_group",
                    "depends_on": [],
                    "primary": {
                        "id": "sg-94dae4fc",
                        "attributes": {
                            "description": "gs-spring security group",
                            "egress.#": "0",
                            "id": "sg-94dae4fc",
                            "ingress.#": "2",
                            "ingress.2214680975.cidr_blocks.#": "1",
                            "ingress.2214680975.cidr_blocks.0": "0.0.0.0/0",
                            "ingress.2214680975.from_port": "80",
                            "ingress.2214680975.protocol": "tcp",
                            "ingress.2214680975.security_groups.#": "0",
                            "ingress.2214680975.self": "false",
                            "ingress.2214680975.to_port": "80",
                            "ingress.2541437006.cidr_blocks.#": "1",
                            "ingress.2541437006.cidr_blocks.0": "0.0.0.0/0",
                            "ingress.2541437006.from_port": "22",
                            "ingress.2541437006.protocol": "tcp",
                            "ingress.2541437006.security_groups.#": "0",
                            "ingress.2541437006.self": "false",
                            "ingress.2541437006.to_port": "22",
                            "name": "gs-spring-sg",
                            "owner_id": "010154155802",
                            "tags.%": "1",
                            "tags.Name": "gs-spring-sg default",
                            "vpc_id": "vpc-7f628416"
                        },
                        "meta": {},
                        "tainted": false
                    },
                    "deposed": [],
                    "provider": ""
                },
                "aws_subnet.default": {
                    "type": "aws_subnet",
                    "depends_on": [],
                    "primary": {
                        "id": "subnet-8074a9fa",
                        "attributes": {
                            "availability_zone": "eu-central-1b",
                            "cidr_block": "172.31.99.0/24",
                            "id": "subnet-8074a9fa",
                            "map_public_ip_on_launch": "true",
                            "tags.%": "2",
                            "tags.Name": "gs-spring subnet",
                            "tags.Project": "gs-spring",
                            "vpc_id": "vpc-7f628416"
                        },
                        "meta": {},
                        "tainted": false
                    },
                    "deposed": [],
                    "provider": ""
                }
            },
            "depends_on": []
        }
    ]
}
